Microsoft Visual Studio Solution File, Format Version 11.00
# Visual Studio 2008

Project("{E624D8C7-FF85-F440-99DE-6F078BEC34AC}") = "Ovrvision2", "Assembly-CSharp-vs.csproj", "{2CD5016E-56DA-5B85-5842-6CA6E12904A1}"
EndProject
Project("{E624D8C7-FF85-F440-99DE-6F078BEC34AC}") = "Ovrvision2", "Assembly-CSharp-Editor-vs.csproj", "{A0D3957B-5749-1E20-722C-31C1F57C214E}"
EndProject
Global
	GlobalSection(SolutionConfigurationPlatforms) = preSolution
		Debug|Any CPU = Debug|Any CPU
		Release|Any CPU = Release|Any CPU
	EndGlobalSection
	GlobalSection(ProjectConfigurationPlatforms) = postSolution
		{2CD5016E-56DA-5B85-5842-6CA6E12904A1}.Debug|Any CPU.ActiveCfg = Debug|Any CPU
		{2CD5016E-56DA-5B85-5842-6CA6E12904A1}.Debug|Any CPU.Build.0 = Debug|Any CPU
		{2CD5016E-56DA-5B85-5842-6CA6E12904A1}.Release|Any CPU.ActiveCfg = Release|Any CPU
		{2CD5016E-56DA-5B85-5842-6CA6E12904A1}.Release|Any CPU.Build.0 = Release|Any CPU
		{A0D3957B-5749-1E20-722C-31C1F57C214E}.Debug|Any CPU.ActiveCfg = Debug|Any CPU
		{A0D3957B-5749-1E20-722C-31C1F57C214E}.Debug|Any CPU.Build.0 = Debug|Any CPU
		{A0D3957B-5749-1E20-722C-31C1F57C214E}.Release|Any CPU.ActiveCfg = Release|Any CPU
		{A0D3957B-5749-1E20-722C-31C1F57C214E}.Release|Any CPU.Build.0 = Release|Any CPU
	EndGlobalSection
	GlobalSection(SolutionProperties) = preSolution
		HideSolutionNode = FALSE
	EndGlobalSection
				GlobalSection(MonoDevelopProperties) = preSolution
		StartupItem = Assembly-CSharp.csproj
		Policies = $0
		$0.TextStylePolicy = $1
		$1.inheritsSet = null
		$1.scope = text/x-csharp
		$0.CSharpFormattingPolicy = $2
		$2.inheritsSet = Mono
		$2.inheritsScope = text/x-csharp
		$2.scope = text/x-csharp
		$0.TextStylePolicy = $3
		$3.FileWidth = 120
		$3.TabWidth = 4
		$3.EolMarker = Unix
		$3.inheritsSet = Mono
		$3.inheritsScope = text/plain
		$3.scope = text/plain
	EndGlobalSection

EndGlobal
